
Microsoft Visual Studio Solution File, Format Version 12.00
# Visual Studio Version 17
VisualStudioVersion = 17.11.35312.102
MinimumVisualStudioVersion = 10.0.40219.1
Project("{8BC9CEB8-8B4A-11D0-8D11-00A0C91BC942}") = "Université_Employé", "Université_Employé\Université_Employé.vcxproj", "{2B93B064-CA97-49A3-A63E-39FE5E040427}"
EndProject
Global
	GlobalSection(SolutionConfigurationPlatforms) = preSolution
		Debug|x64 = Debug|x64
		Debug|x86 = Debug|x86
		Release|x64 = Release|x64
		Release|x86 = Release|x86
	EndGlobalSection
	GlobalSection(ProjectConfigurationPlatforms) = postSolution
		{2B93B064-CA97-49A3-A63E-39FE5E040427}.Debug|x64.ActiveCfg = Debug|x64
		{2B93B064-CA97-49A3-A63E-39FE5E040427}.Debug|x64.Build.0 = Debug|x64
		{2B93B064-CA97-49A3-A63E-39FE5E040427}.Debug|x86.ActiveCfg = Debug|Win32
		{2B93B064-CA97-49A3-A63E-39FE5E040427}.Debug|x86.Build.0 = Debug|Win32
		{2B93B064-CA97-49A3-A63E-39FE5E040427}.Release|x64.ActiveCfg = Release|x64
		{2B93B064-CA97-49A3-A63E-39FE5E040427}.Release|x64.Build.0 = Release|x64
		{2B93B064-CA97-49A3-A63E-39FE5E040427}.Release|x86.ActiveCfg = Release|Win32
		{2B93B064-CA97-49A3-A63E-39FE5E040427}.Release|x86.Build.0 = Release|Win32
	EndGlobalSection
	GlobalSection(SolutionProperties) = preSolution
		HideSolutionNode = FALSE
	EndGlobalSection
	GlobalSection(ExtensibilityGlobals) = postSolution
		SolutionGuid = {5CD89173-DB37-4D26-BEBE-407C60AD5B47}
	EndGlobalSection
EndGlobal
